
Microsoft Visual Studio Solution File, Format Version 12.00
# Visual Studio Version 17
VisualStudioVersion = 17.14.36511.14 d17.14
MinimumVisualStudioVersion = 10.0.40219.1
Project("{FAE04EC0-301F-11D3-BF4B-00C04F79EFBC}") = "Codora - كودورا", "Codora - كودورا\Codora - كودورا.csproj", "{78F64830-ACA8-42EF-B0F4-0B732D0E5A31}"
EndProject
Global
	GlobalSection(SolutionConfigurationPlatforms) = preSolution
		Debug|Any CPU = Debug|Any CPU
		Release|Any CPU = Release|Any CPU
	EndGlobalSection
	GlobalSection(ProjectConfigurationPlatforms) = postSolution
		{78F64830-ACA8-42EF-B0F4-0B732D0E5A31}.Debug|Any CPU.ActiveCfg = Debug|Any CPU
		{78F64830-ACA8-42EF-B0F4-0B732D0E5A31}.Debug|Any CPU.Build.0 = Debug|Any CPU
		{78F64830-ACA8-42EF-B0F4-0B732D0E5A31}.Release|Any CPU.ActiveCfg = Release|Any CPU
		{78F64830-ACA8-42EF-B0F4-0B732D0E5A31}.Release|Any CPU.Build.0 = Release|Any CPU
	EndGlobalSection
	GlobalSection(SolutionProperties) = preSolution
		HideSolutionNode = FALSE
	EndGlobalSection
	GlobalSection(ExtensibilityGlobals) = postSolution
		SolutionGuid = {54B4C75A-3C5D-4477-9946-E8CAF20B60EF}
	EndGlobalSection
EndGlobal
